// !$*UTF8*$!
{
	archiveVersion = 1;
	classes = {
	};
	objectVersion = 55;
	objects = {

/* Begin PBXBuildFile section */
		59005EB1276A9149007C637F /* OptionalDatePicker.swift in Sources */ = {isa = PBXBuildFile; fileRef = 59005EB0276A9149007C637F /* OptionalDatePicker.swift */; };
		5919012327694D0F00522668 /* TemplatesView.swift in Sources */ = {isa = PBXBuildFile; fileRef = 5919012227694D0F00522668 /* TemplatesView.swift */; };
		5921401B276DE60C00B60B85 /* TemplatesTopView.swift in Sources */ = {isa = PBXBuildFile; fileRef = 5921401A276DE60B00B60B85 /* TemplatesTopView.swift */; };
		5921401D276DF8AC00B60B85 /* ViewModifierOnRotate.swift in Sources */ = {isa = PBXBuildFile; fileRef = 5921401C276DF8AC00B60B85 /* ViewModifierOnRotate.swift */; };
		5927814E276CF8B30047DEB9 /* BillingCyclePicker.swift in Sources */ = {isa = PBXBuildFile; fileRef = 5927814D276CF8B30047DEB9 /* BillingCyclePicker.swift */; };
		59278150276CFA350047DEB9 /* BillingCycleData.swift in Sources */ = {isa = PBXBuildFile; fileRef = 5927814F276CFA350047DEB9 /* BillingCycleData.swift */; };
		59278154276D32750047DEB9 /* FormState.swift in Sources */ = {isa = PBXBuildFile; fileRef = 59278153276D32750047DEB9 /* FormState.swift */; };
		592B99C02763C59700ACF752 /* Subscription.swift in Sources */ = {isa = PBXBuildFile; fileRef = 592B99BF2763C59700ACF752 /* Subscription.swift */; };
		592B99C22763D48400ACF752 /* Category.swift in Sources */ = {isa = PBXBuildFile; fileRef = 592B99C12763D48400ACF752 /* Category.swift */; };
		592B99C82763D56100ACF752 /* TimeUnit.swift in Sources */ = {isa = PBXBuildFile; fileRef = 592B99C72763D56100ACF752 /* TimeUnit.swift */; };
		592B99CA2763DCB600ACF752 /* ColorFromHexadecimal.swift in Sources */ = {isa = PBXBuildFile; fileRef = 592B99C92763DCB600ACF752 /* ColorFromHexadecimal.swift */; };
		592B99CC2763E25D00ACF752 /* Template.swift in Sources */ = {isa = PBXBuildFile; fileRef = 592B99CB2763E25D00ACF752 /* Template.swift */; };
		596AC09727651D3400AA0BB6 /* SettingsView.swift in Sources */ = {isa = PBXBuildFile; fileRef = 596AC09627651D3400AA0BB6 /* SettingsView.swift */; };
		596AC09927651DFD00AA0BB6 /* CategoriesView.swift in Sources */ = {isa = PBXBuildFile; fileRef = 596AC09827651DFD00AA0BB6 /* CategoriesView.swift */; };
		596AC09D276530C400AA0BB6 /* SubscriptionCellView.swift in Sources */ = {isa = PBXBuildFile; fileRef = 596AC09C276530C400AA0BB6 /* SubscriptionCellView.swift */; };
		596AC0A12765327C00AA0BB6 /* SubscriptionLibrary.swift in Sources */ = {isa = PBXBuildFile; fileRef = 596AC0A02765327C00AA0BB6 /* SubscriptionLibrary.swift */; };
		5972357E2763698300619C49 /* BobbyCloneApp.swift in Sources */ = {isa = PBXBuildFile; fileRef = 5972357D2763698300619C49 /* BobbyCloneApp.swift */; };
		597235802763698300619C49 /* HomeView.swift in Sources */ = {isa = PBXBuildFile; fileRef = 5972357F2763698300619C49 /* HomeView.swift */; };
		597235822763698300619C49 /* Assets.xcassets in Resources */ = {isa = PBXBuildFile; fileRef = 597235812763698300619C49 /* Assets.xcassets */; };
		597235852763698300619C49 /* Preview Assets.xcassets in Resources */ = {isa = PBXBuildFile; fileRef = 597235842763698300619C49 /* Preview Assets.xcassets */; };
		59746E82276BF0370039CC34 /* ColorSelectionView.swift in Sources */ = {isa = PBXBuildFile; fileRef = 59746E81276BF0370039CC34 /* ColorSelectionView.swift */; };
		59746E84276BF0850039CC34 /* ColorsData.swift in Sources */ = {isa = PBXBuildFile; fileRef = 59746E83276BF0850039CC34 /* ColorsData.swift */; };
		597EC35B2766763B00311E79 /* LineSeparator.swift in Sources */ = {isa = PBXBuildFile; fileRef = 597EC35A2766763B00311E79 /* LineSeparator.swift */; };
		599C9F682769160E004C0639 /* SubscriptionFormView.swift in Sources */ = {isa = PBXBuildFile; fileRef = 599C9F672769160E004C0639 /* SubscriptionFormView.swift */; };
		599C9F6A276931EE004C0639 /* SubscriptionConfig.swift in Sources */ = {isa = PBXBuildFile; fileRef = 599C9F69276931EE004C0639 /* SubscriptionConfig.swift */; };
		59A0CF2D2769FF4000599973 /* IconSelectionView.swift in Sources */ = {isa = PBXBuildFile; fileRef = 59A0CF2C2769FF4000599973 /* IconSelectionView.swift */; };
		59A0CF2F276A718000599973 /* SFSymbolsData.swift in Sources */ = {isa = PBXBuildFile; fileRef = 59A0CF2E276A718000599973 /* SFSymbolsData.swift */; };
		59A0CF31276A718900599973 /* TemplatesData.swift in Sources */ = {isa = PBXBuildFile; fileRef = 59A0CF30276A718900599973 /* TemplatesData.swift */; };
		59A7351E27663C6D00463498 /* HomeBottomDetailView.swift in Sources */ = {isa = PBXBuildFile; fileRef = 59A7351D27663C6D00463498 /* HomeBottomDetailView.swift */; };
		59A735212766645500463498 /* Constants.swift in Sources */ = {isa = PBXBuildFile; fileRef = 59A735202766645500463498 /* Constants.swift */; };
		59B5B898276CA6B600D46798 /* DecimalField.swift in Sources */ = {isa = PBXBuildFile; fileRef = 59B5B897276CA6B600D46798 /* DecimalField.swift */; };
		59C33BE0276620AA00CD00E0 /* HomeTopView.swift in Sources */ = {isa = PBXBuildFile; fileRef = 59C33BDF276620AA00CD00E0 /* HomeTopView.swift */; };
		59C33BE2276620B000CD00E0 /* HomeBottomView.swift in Sources */ = {isa = PBXBuildFile; fileRef = 59C33BE1276620B000CD00E0 /* HomeBottomView.swift */; };
		59CFE5D42767B8E200886CD0 /* CustomColors.swift in Sources */ = {isa = PBXBuildFile; fileRef = 59CFE5D32767B8E200886CD0 /* CustomColors.swift */; };
		59CFE5D62767D34300886CD0 /* SubscriptionEditionView.swift in Sources */ = {isa = PBXBuildFile; fileRef = 59CFE5D52767D34300886CD0 /* SubscriptionEditionView.swift */; };
		59CFE5D82767EA2E00886CD0 /* SubscriptionFormTopView.swift in Sources */ = {isa = PBXBuildFile; fileRef = 59CFE5D72767EA2E00886CD0 /* SubscriptionFormTopView.swift */; };
		59CFE5DB2767F6DB00886CD0 /* SubscriptionCreationView.swift in Sources */ = {isa = PBXBuildFile; fileRef = 59CFE5DA2767F6DB00886CD0 /* SubscriptionCreationView.swift */; };
		59D2DF1F27648E0C000ED604 /* DateStartOfDay.swift in Sources */ = {isa = PBXBuildFile; fileRef = 59D2DF1E27648E0C000ED604 /* DateStartOfDay.swift */; };
/* End PBXBuildFile section */

/* Begin PBXFileReference section */
		59005EB0276A9149007C637F /* OptionalDatePicker.swift */ = {isa = PBXFileReference; lastKnownFileType = sourcecode.swift; path = OptionalDatePicker.swift; sourceTree = "<group>"; };
		5919012227694D0F00522668 /* TemplatesView.swift */ = {isa = PBXFileReference; lastKnownFileType = sourcecode.swift; path = TemplatesView.swift; sourceTree = "<group>"; };
		5921401A276DE60B00B60B85 /* TemplatesTopView.swift */ = {isa = PBXFileReference; lastKnownFileType = sourcecode.swift; path = TemplatesTopView.swift; sourceTree = "<group>"; };
		5921401C276DF8AC00B60B85 /* ViewModifierOnRotate.swift */ = {isa = PBXFileReference; lastKnownFileType = sourcecode.swift; path = ViewModifierOnRotate.swift; sourceTree = "<group>"; };
		5927814D276CF8B30047DEB9 /* BillingCyclePicker.swift */ = {isa = PBXFileReference; lastKnownFileType = sourcecode.swift; path = BillingCyclePicker.swift; sourceTree = "<group>"; };
		5927814F276CFA350047DEB9 /* BillingCycleData.swift */ = {isa = PBXFileReference; lastKnownFileType = sourcecode.swift; path = BillingCycleData.swift; sourceTree = "<group>"; };
		59278153276D32750047DEB9 /* FormState.swift */ = {isa = PBXFileReference; lastKnownFileType = sourcecode.swift; path = FormState.swift; sourceTree = "<group>"; };
		592B99BE2763C50C00ACF752 /* StringNilWhenEmpty.swift */ = {isa = PBXFileReference; lastKnownFileType = sourcecode.swift; path = StringNilWhenEmpty.swift; sourceTree = "<group>"; };
		592B99BF2763C59700ACF752 /* Subscription.swift */ = {isa = PBXFileReference; lastKnownFileType = sourcecode.swift; path = Subscription.swift; sourceTree = "<group>"; };
		592B99C12763D48400ACF752 /* Category.swift */ = {isa = PBXFileReference; lastKnownFileType = sourcecode.swift; path = Category.swift; sourceTree = "<group>"; };
		592B99C72763D56100ACF752 /* TimeUnit.swift */ = {isa = PBXFileReference; lastKnownFileType = sourcecode.swift; path = TimeUnit.swift; sourceTree = "<group>"; };
		592B99C92763DCB600ACF752 /* ColorFromHexadecimal.swift */ = {isa = PBXFileReference; lastKnownFileType = sourcecode.swift; path = ColorFromHexadecimal.swift; sourceTree = "<group>"; };
		592B99CB2763E25D00ACF752 /* Template.swift */ = {isa = PBXFileReference; lastKnownFileType = sourcecode.swift; path = Template.swift; sourceTree = "<group>"; };
		596AC09627651D3400AA0BB6 /* SettingsView.swift */ = {isa = PBXFileReference; lastKnownFileType = sourcecode.swift; path = SettingsView.swift; sourceTree = "<group>"; };
		596AC09827651DFD00AA0BB6 /* CategoriesView.swift */ = {isa = PBXFileReference; lastKnownFileType = sourcecode.swift; path = CategoriesView.swift; sourceTree = "<group>"; };
		596AC09C276530C400AA0BB6 /* SubscriptionCellView.swift */ = {isa = PBXFileReference; lastKnownFileType = sourcecode.swift; path = SubscriptionCellView.swift; sourceTree = "<group>"; };
		596AC0A02765327C00AA0BB6 /* SubscriptionLibrary.swift */ = {isa = PBXFileReference; lastKnownFileType = sourcecode.swift; path = SubscriptionLibrary.swift; sourceTree = "<group>"; };
		5972357A2763698300619C49 /* BobbyClone.app */ = {isa = PBXFileReference; explicitFileType = wrapper.application; includeInIndex = 0; path = BobbyClone.app; sourceTree = BUILT_PRODUCTS_DIR; };
		5972357D2763698300619C49 /* BobbyCloneApp.swift */ = {isa = PBXFileReference; lastKnownFileType = sourcecode.swift; path = BobbyCloneApp.swift; sourceTree = "<group>"; };
		5972357F2763698300619C49 /* HomeView.swift */ = {isa = PBXFileReference; lastKnownFileType = sourcecode.swift; path = HomeView.swift; sourceTree = "<group>"; };
		597235812763698300619C49 /* Assets.xcassets */ = {isa = PBXFileReference; lastKnownFileType = folder.assetcatalog; path = Assets.xcassets; sourceTree = "<group>"; };
		597235842763698300619C49 /* Preview Assets.xcassets */ = {isa = PBXFileReference; lastKnownFileType = folder.assetcatalog; path = "Preview Assets.xcassets"; sourceTree = "<group>"; };
		59746E81276BF0370039CC34 /* ColorSelectionView.swift */ = {isa = PBXFileReference; lastKnownFileType = sourcecode.swift; path = ColorSelectionView.swift; sourceTree = "<group>"; };
		59746E83276BF0850039CC34 /* ColorsData.swift */ = {isa = PBXFileReference; lastKnownFileType = sourcecode.swift; path = ColorsData.swift; sourceTree = "<group>"; };
		597EC35A2766763B00311E79 /* LineSeparator.swift */ = {isa = PBXFileReference; lastKnownFileType = sourcecode.swift; path = LineSeparator.swift; sourceTree = "<group>"; };
		599C9F672769160E004C0639 /* SubscriptionFormView.swift */ = {isa = PBXFileReference; lastKnownFileType = sourcecode.swift; path = SubscriptionFormView.swift; sourceTree = "<group>"; };
		599C9F69276931EE004C0639 /* SubscriptionConfig.swift */ = {isa = PBXFileReference; lastKnownFileType = sourcecode.swift; path = SubscriptionConfig.swift; sourceTree = "<group>"; };
		59A0CF2C2769FF4000599973 /* IconSelectionView.swift */ = {isa = PBXFileReference; lastKnownFileType = sourcecode.swift; path = IconSelectionView.swift; sourceTree = "<group>"; };
		59A0CF2E276A718000599973 /* SFSymbolsData.swift */ = {isa = PBXFileReference; lastKnownFileType = sourcecode.swift; path = SFSymbolsData.swift; sourceTree = "<group>"; };
		59A0CF30276A718900599973 /* TemplatesData.swift */ = {isa = PBXFileReference; lastKnownFileType = sourcecode.swift; path = TemplatesData.swift; sourceTree = "<group>"; };
		59A7351D27663C6D00463498 /* HomeBottomDetailView.swift */ = {isa = PBXFileReference; lastKnownFileType = sourcecode.swift; path = HomeBottomDetailView.swift; sourceTree = "<group>"; };
		59A735202766645500463498 /* Constants.swift */ = {isa = PBXFileReference; lastKnownFileType = sourcecode.swift; path = Constants.swift; sourceTree = "<group>"; };
		59B5B897276CA6B600D46798 /* DecimalField.swift */ = {isa = PBXFileReference; lastKnownFileType = sourcecode.swift; path = DecimalField.swift; sourceTree = "<group>"; };
		59C33BDF276620AA00CD00E0 /* HomeTopView.swift */ = {isa = PBXFileReference; lastKnownFileType = sourcecode.swift; path = HomeTopView.swift; sourceTree = "<group>"; };
		59C33BE1276620B000CD00E0 /* HomeBottomView.swift */ = {isa = PBXFileReference; lastKnownFileType = sourcecode.swift; path = HomeBottomView.swift; sourceTree = "<group>"; };
		59CFE5D32767B8E200886CD0 /* CustomColors.swift */ = {isa = PBXFileReference; lastKnownFileType = sourcecode.swift; path = CustomColors.swift; sourceTree = "<group>"; };
		59CFE5D52767D34300886CD0 /* SubscriptionEditionView.swift */ = {isa = PBXFileReference; lastKnownFileType = sourcecode.swift; path = SubscriptionEditionView.swift; sourceTree = "<group>"; };
		59CFE5D72767EA2E00886CD0 /* SubscriptionFormTopView.swift */ = {isa = PBXFileReference; lastKnownFileType = sourcecode.swift; path = SubscriptionFormTopView.swift; sourceTree = "<group>"; };
		59CFE5DA2767F6DB00886CD0 /* SubscriptionCreationView.swift */ = {isa = PBXFileReference; lastKnownFileType = sourcecode.swift; path = SubscriptionCreationView.swift; sourceTree = "<group>"; };
		59D2DF1E27648E0C000ED604 /* DateStartOfDay.swift */ = {isa = PBXFileReference; lastKnownFileType = sourcecode.swift; path = DateStartOfDay.swift; sourceTree = "<group>"; };
/* End PBXFileReference section */

/* Begin PBXFrameworksBuildPhase section */
		597235772763698300619C49 /* Frameworks */ = {
			isa = PBXFrameworksBuildPhase;
			buildActionMask = 2147483647;
			files = (
			);
			runOnlyForDeploymentPostprocessing = 0;
		};
/* End PBXFrameworksBuildPhase section */

/* Begin PBXGroup section */
		5919012027694C4500522668 /* SubscriptionForm */ = {
			isa = PBXGroup;
			children = (
				59CFE5DA2767F6DB00886CD0 /* SubscriptionCreationView.swift */,
				59CFE5D52767D34300886CD0 /* SubscriptionEditionView.swift */,
				5919012427694ECF00522668 /* Form */,
			);
			path = SubscriptionForm;
			sourceTree = "<group>";
		};
		5919012127694CFC00522668 /* Templates */ = {
			isa = PBXGroup;
			children = (
				5919012227694D0F00522668 /* TemplatesView.swift */,
				5921401A276DE60B00B60B85 /* TemplatesTopView.swift */,
			);
			path = Templates;
			sourceTree = "<group>";
		};
		5919012427694ECF00522668 /* Form */ = {
			isa = PBXGroup;
			children = (
				599C9F672769160E004C0639 /* SubscriptionFormView.swift */,
				59CFE5D72767EA2E00886CD0 /* SubscriptionFormTopView.swift */,
				59005EB0276A9149007C637F /* OptionalDatePicker.swift */,
				5927814D276CF8B30047DEB9 /* BillingCyclePicker.swift */,
				59A0CF2C2769FF4000599973 /* IconSelectionView.swift */,
				59746E81276BF0370039CC34 /* ColorSelectionView.swift */,
			);
			path = Form;
			sourceTree = "<group>";
		};
		592B99BA2763C3D300ACF752 /* Entities */ = {
			isa = PBXGroup;
			children = (
				592B99BF2763C59700ACF752 /* Subscription.swift */,
				592B99C12763D48400ACF752 /* Category.swift */,
				592B99C72763D56100ACF752 /* TimeUnit.swift */,
				592B99CB2763E25D00ACF752 /* Template.swift */,
				599C9F69276931EE004C0639 /* SubscriptionConfig.swift */,
				59278153276D32750047DEB9 /* FormState.swift */,
			);
			path = Entities;
			sourceTree = "<group>";
		};
		592B99BB2763C4EA00ACF752 /* Views */ = {
			isa = PBXGroup;
			children = (
				59CCC3742763FFC00092CB73 /* Home */,
				59CFE5D92767F6A900886CD0 /* Categories */,
				5919012127694CFC00522668 /* Templates */,
				5919012027694C4500522668 /* SubscriptionForm */,
				5972358F2764117200619C49 /* Settings */,
				597EC3592766762E00311E79 /* Shared */,
			);
			path = Views;
			sourceTree = "<group>";
		};
		592B99BC2763C4F000ACF752 /* Data */ = {
			isa = PBXGroup;
			children = (
				596AC0A02765327C00AA0BB6 /* SubscriptionLibrary.swift */,
				59A0CF30276A718900599973 /* TemplatesData.swift */,
				59746E83276BF0850039CC34 /* ColorsData.swift */,
				59A0CF2E276A718000599973 /* SFSymbolsData.swift */,
				5927814F276CFA350047DEB9 /* BillingCycleData.swift */,
			);
			path = Data;
			sourceTree = "<group>";
		};
		592B99BD2763C4F600ACF752 /* Utils */ = {
			isa = PBXGroup;
			children = (
				592B99BE2763C50C00ACF752 /* StringNilWhenEmpty.swift */,
				592B99C92763DCB600ACF752 /* ColorFromHexadecimal.swift */,
				59D2DF1E27648E0C000ED604 /* DateStartOfDay.swift */,
				5921401C276DF8AC00B60B85 /* ViewModifierOnRotate.swift */,
			);
			path = Utils;
			sourceTree = "<group>";
		};
		597235712763698300619C49 = {
			isa = PBXGroup;
			children = (
				5972357C2763698300619C49 /* BobbyClone */,
				5972357B2763698300619C49 /* Products */,
			);
			sourceTree = "<group>";
		};
		5972357B2763698300619C49 /* Products */ = {
			isa = PBXGroup;
			children = (
				5972357A2763698300619C49 /* BobbyClone.app */,
			);
			name = Products;
			sourceTree = "<group>";
		};
		5972357C2763698300619C49 /* BobbyClone */ = {
			isa = PBXGroup;
			children = (
				5972357D2763698300619C49 /* BobbyCloneApp.swift */,
				592B99BB2763C4EA00ACF752 /* Views */,
				592B99BA2763C3D300ACF752 /* Entities */,
				592B99BC2763C4F000ACF752 /* Data */,
				59A7351F2766644400463498 /* Constants */,
				592B99BD2763C4F600ACF752 /* Utils */,
				597235812763698300619C49 /* Assets.xcassets */,
				597235832763698300619C49 /* Preview Content */,
			);
			path = BobbyClone;
			sourceTree = "<group>";
		};
		597235832763698300619C49 /* Preview Content */ = {
			isa = PBXGroup;
			children = (
				597235842763698300619C49 /* Preview Assets.xcassets */,
			);
			path = "Preview Content";
			sourceTree = "<group>";
		};
		5972358F2764117200619C49 /* Settings */ = {
			isa = PBXGroup;
			children = (
				596AC09627651D3400AA0BB6 /* SettingsView.swift */,
			);
			path = Settings;
			sourceTree = "<group>";
		};
		597EC3592766762E00311E79 /* Shared */ = {
			isa = PBXGroup;
			children = (
				597EC35A2766763B00311E79 /* LineSeparator.swift */,
				59B5B897276CA6B600D46798 /* DecimalField.swift */,
			);
			path = Shared;
			sourceTree = "<group>";
		};
		59A7351F2766644400463498 /* Constants */ = {
			isa = PBXGroup;
			children = (
				59A735202766645500463498 /* Constants.swift */,
				59CFE5D32767B8E200886CD0 /* CustomColors.swift */,
			);
			path = Constants;
			sourceTree = "<group>";
		};
		59CCC3742763FFC00092CB73 /* Home */ = {
			isa = PBXGroup;
			children = (
				5972357F2763698300619C49 /* HomeView.swift */,
				59C33BDF276620AA00CD00E0 /* HomeTopView.swift */,
				59C33BE1276620B000CD00E0 /* HomeBottomView.swift */,
				59A7351D27663C6D00463498 /* HomeBottomDetailView.swift */,
				596AC09C276530C400AA0BB6 /* SubscriptionCellView.swift */,
			);
			path = Home;
			sourceTree = "<group>";
		};
		59CFE5D92767F6A900886CD0 /* Categories */ = {
			isa = PBXGroup;
			children = (
				596AC09827651DFD00AA0BB6 /* CategoriesView.swift */,
			);
			path = Categories;
			sourceTree = "<group>";
		};
/* End PBXGroup section */

/* Begin PBXNativeTarget section */
		597235792763698300619C49 /* BobbyClone */ = {
			isa = PBXNativeTarget;
			buildConfigurationList = 597235882763698300619C49 /* Build configuration list for PBXNativeTarget "BobbyClone" */;
			buildPhases = (
				597235762763698300619C49 /* Sources */,
				597235772763698300619C49 /* Frameworks */,
				597235782763698300619C49 /* Resources */,
			);
			buildRules = (
			);
			dependencies = (
			);
			name = BobbyClone;
			productName = BobbyClone;
			productReference = 5972357A2763698300619C49 /* BobbyClone.app */;
			productType = "com.apple.product-type.application";
		};
/* End PBXNativeTarget section */

/* Begin PBXProject section */
		597235722763698300619C49 /* Project object */ = {
			isa = PBXProject;
			attributes = {
				BuildIndependentTargetsInParallel = 1;
				LastSwiftUpdateCheck = 1310;
				LastUpgradeCheck = 1310;
				TargetAttributes = {
					597235792763698300619C49 = {
						CreatedOnToolsVersion = 13.1;
					};
				};
			};
			buildConfigurationList = 597235752763698300619C49 /* Build configuration list for PBXProject "BobbyClone" */;
			compatibilityVersion = "Xcode 13.0";
			developmentRegion = en;
			hasScannedForEncodings = 0;
			knownRegions = (
				en,
				Base,
			);
			mainGroup = 597235712763698300619C49;
			productRefGroup = 5972357B2763698300619C49 /* Products */;
			projectDirPath = "";
			projectRoot = "";
			targets = (
				597235792763698300619C49 /* BobbyClone */,
			);
		};
/* End PBXProject section */

/* Begin PBXResourcesBuildPhase section */
		597235782763698300619C49 /* Resources */ = {
			isa = PBXResourcesBuildPhase;
			buildActionMask = 2147483647;
			files = (
				597235852763698300619C49 /* Preview Assets.xcassets in Resources */,
				597235822763698300619C49 /* Assets.xcassets in Resources */,
			);
			runOnlyForDeploymentPostprocessing = 0;
		};
/* End PBXResourcesBuildPhase section */

/* Begin PBXSourcesBuildPhase section */
		597235762763698300619C49 /* Sources */ = {
			isa = PBXSourcesBuildPhase;
			buildActionMask = 2147483647;
			files = (
				59C33BE2276620B000CD00E0 /* HomeBottomView.swift in Sources */,
				59A735212766645500463498 /* Constants.swift in Sources */,
				59278150276CFA350047DEB9 /* BillingCycleData.swift in Sources */,
				59D2DF1F27648E0C000ED604 /* DateStartOfDay.swift in Sources */,
				59A0CF2D2769FF4000599973 /* IconSelectionView.swift in Sources */,
				59B5B898276CA6B600D46798 /* DecimalField.swift in Sources */,
				592B99C82763D56100ACF752 /* TimeUnit.swift in Sources */,
				59C33BE0276620AA00CD00E0 /* HomeTopView.swift in Sources */,
				592B99CA2763DCB600ACF752 /* ColorFromHexadecimal.swift in Sources */,
				592B99C22763D48400ACF752 /* Category.swift in Sources */,
				5921401B276DE60C00B60B85 /* TemplatesTopView.swift in Sources */,
				592B99C02763C59700ACF752 /* Subscription.swift in Sources */,
				59005EB1276A9149007C637F /* OptionalDatePicker.swift in Sources */,
				599C9F682769160E004C0639 /* SubscriptionFormView.swift in Sources */,
				59CFE5DB2767F6DB00886CD0 /* SubscriptionCreationView.swift in Sources */,
				59746E82276BF0370039CC34 /* ColorSelectionView.swift in Sources */,
				597235802763698300619C49 /* HomeView.swift in Sources */,
				59CFE5D62767D34300886CD0 /* SubscriptionEditionView.swift in Sources */,
				59278154276D32750047DEB9 /* FormState.swift in Sources */,
				59746E84276BF0850039CC34 /* ColorsData.swift in Sources */,
				59A7351E27663C6D00463498 /* HomeBottomDetailView.swift in Sources */,
				596AC09727651D3400AA0BB6 /* SettingsView.swift in Sources */,
				599C9F6A276931EE004C0639 /* SubscriptionConfig.swift in Sources */,
				59CFE5D82767EA2E00886CD0 /* SubscriptionFormTopView.swift in Sources */,
				596AC09927651DFD00AA0BB6 /* CategoriesView.swift in Sources */,
				592B99CC2763E25D00ACF752 /* Template.swift in Sources */,
				59CFE5D42767B8E200886CD0 /* CustomColors.swift in Sources */,
				5972357E2763698300619C49 /* BobbyCloneApp.swift in Sources */,
				5919012327694D0F00522668 /* TemplatesView.swift in Sources */,
				59A0CF31276A718900599973 /* TemplatesData.swift in Sources */,
				596AC09D276530C400AA0BB6 /* SubscriptionCellView.swift in Sources */,
				5921401D276DF8AC00B60B85 /* ViewModifierOnRotate.swift in Sources */,
				5927814E276CF8B30047DEB9 /* BillingCyclePicker.swift in Sources */,
				596AC0A12765327C00AA0BB6 /* SubscriptionLibrary.swift in Sources */,
				597EC35B2766763B00311E79 /* LineSeparator.swift in Sources */,
				59A0CF2F276A718000599973 /* SFSymbolsData.swift in Sources */,
			);
			runOnlyForDeploymentPostprocessing = 0;
		};
/* End PBXSourcesBuildPhase section */

/* Begin XCBuildConfiguration section */
		597235862763698300619C49 /* Debug */ = {
			isa = XCBuildConfiguration;
			buildSettings = {
				ALWAYS_SEARCH_USER_PATHS = NO;
				CLANG_ANALYZER_NONNULL = YES;
				CLANG_ANALYZER_NUMBER_OBJECT_CONVERSION = YES_AGGRESSIVE;
				CLANG_CXX_LANGUAGE_STANDARD = "gnu++17";
				CLANG_CXX_LIBRARY = "libc++";
				CLANG_ENABLE_MODULES = YES;
				CLANG_ENABLE_OBJC_ARC = YES;
				CLANG_ENABLE_OBJC_WEAK = YES;
				CLANG_WARN_BLOCK_CAPTURE_AUTORELEASING = YES;
				CLANG_WARN_BOOL_CONVERSION = YES;
				CLANG_WARN_COMMA = YES;
				CLANG_WARN_CONSTANT_CONVERSION = YES;
				CLANG_WARN_DEPRECATED_OBJC_IMPLEMENTATIONS = YES;
				CLANG_WARN_DIRECT_OBJC_ISA_USAGE = YES_ERROR;
				CLANG_WARN_DOCUMENTATION_COMMENTS = YES;
				CLANG_WARN_EMPTY_BODY = YES;
				CLANG_WARN_ENUM_CONVERSION = YES;
				CLANG_WARN_INFINITE_RECURSION = YES;
				CLANG_WARN_INT_CONVERSION = YES;
				CLANG_WARN_NON_LITERAL_NULL_CONVERSION = YES;
				CLANG_WARN_OBJC_IMPLICIT_RETAIN_SELF = YES;
				CLANG_WARN_OBJC_LITERAL_CONVERSION = YES;
				CLANG_WARN_OBJC_ROOT_CLASS = YES_ERROR;
				CLANG_WARN_QUOTED_INCLUDE_IN_FRAMEWORK_HEADER = YES;
				CLANG_WARN_RANGE_LOOP_ANALYSIS = YES;
				CLANG_WARN_STRICT_PROTOTYPES = YES;
				CLANG_WARN_SUSPICIOUS_MOVE = YES;
				CLANG_WARN_UNGUARDED_AVAILABILITY = YES_AGGRESSIVE;
				CLANG_WARN_UNREACHABLE_CODE = YES;
				CLANG_WARN__DUPLICATE_METHOD_MATCH = YES;
				COPY_PHASE_STRIP = NO;
				DEBUG_INFORMATION_FORMAT = dwarf;
				ENABLE_STRICT_OBJC_MSGSEND = YES;
				ENABLE_TESTABILITY = YES;
				GCC_C_LANGUAGE_STANDARD = gnu11;
				GCC_DYNAMIC_NO_PIC = NO;
				GCC_NO_COMMON_BLOCKS = YES;
				GCC_OPTIMIZATION_LEVEL = 0;
				GCC_PREPROCESSOR_DEFINITIONS = (
					"DEBUG=1",
					"$(inherited)",
				);
				GCC_WARN_64_TO_32_BIT_CONVERSION = YES;
				GCC_WARN_ABOUT_RETURN_TYPE = YES_ERROR;
				GCC_WARN_UNDECLARED_SELECTOR = YES;
				GCC_WARN_UNINITIALIZED_AUTOS = YES_AGGRESSIVE;
				GCC_WARN_UNUSED_FUNCTION = YES;
				GCC_WARN_UNUSED_VARIABLE = YES;
				IPHONEOS_DEPLOYMENT_TARGET = 15.0;
				MTL_ENABLE_DEBUG_INFO = INCLUDE_SOURCE;
				MTL_FAST_MATH = YES;
				ONLY_ACTIVE_ARCH = YES;
				SDKROOT = iphoneos;
				SWIFT_ACTIVE_COMPILATION_CONDITIONS = DEBUG;
				SWIFT_OPTIMIZATION_LEVEL = "-Onone";
			};
			name = Debug;
		};
		597235872763698300619C49 /* Release */ = {
			isa = XCBuildConfiguration;
			buildSettings = {
				ALWAYS_SEARCH_USER_PATHS = NO;
				CLANG_ANALYZER_NONNULL = YES;
				CLANG_ANALYZER_NUMBER_OBJECT_CONVERSION = YES_AGGRESSIVE;
				CLANG_CXX_LANGUAGE_STANDARD = "gnu++17";
				CLANG_CXX_LIBRARY = "libc++";
				CLANG_ENABLE_MODULES = YES;
				CLANG_ENABLE_OBJC_ARC = YES;
				CLANG_ENABLE_OBJC_WEAK = YES;
				CLANG_WARN_BLOCK_CAPTURE_AUTORELEASING = YES;
				CLANG_WARN_BOOL_CONVERSION = YES;
				CLANG_WARN_COMMA = YES;
				CLANG_WARN_CONSTANT_CONVERSION = YES;
				CLANG_WARN_DEPRECATED_OBJC_IMPLEMENTATIONS = YES;
				CLANG_WARN_DIRECT_OBJC_ISA_USAGE = YES_ERROR;
				CLANG_WARN_DOCUMENTATION_COMMENTS = YES;
				CLANG_WARN_EMPTY_BODY = YES;
				CLANG_WARN_ENUM_CONVERSION = YES;
				CLANG_WARN_INFINITE_RECURSION = YES;
				CLANG_WARN_INT_CONVERSION = YES;
				CLANG_WARN_NON_LITERAL_NULL_CONVERSION = YES;
				CLANG_WARN_OBJC_IMPLICIT_RETAIN_SELF = YES;
				CLANG_WARN_OBJC_LITERAL_CONVERSION = YES;
				CLANG_WARN_OBJC_ROOT_CLASS = YES_ERROR;
				CLANG_WARN_QUOTED_INCLUDE_IN_FRAMEWORK_HEADER = YES;
				CLANG_WARN_RANGE_LOOP_ANALYSIS = YES;
				CLANG_WARN_STRICT_PROTOTYPES = YES;
				CLANG_WARN_SUSPICIOUS_MOVE = YES;
				CLANG_WARN_UNGUARDED_AVAILABILITY = YES_AGGRESSIVE;
				CLANG_WARN_UNREACHABLE_CODE = YES;
				CLANG_WARN__DUPLICATE_METHOD_MATCH = YES;
				COPY_PHASE_STRIP = NO;
				DEBUG_INFORMATION_FORMAT = "dwarf-with-dsym";
				ENABLE_NS_ASSERTIONS = NO;
				ENABLE_STRICT_OBJC_MSGSEND = YES;
				GCC_C_LANGUAGE_STANDARD = gnu11;
				GCC_NO_COMMON_BLOCKS = YES;
				GCC_WARN_64_TO_32_BIT_CONVERSION = YES;
				GCC_WARN_ABOUT_RETURN_TYPE = YES_ERROR;
				GCC_WARN_UNDECLARED_SELECTOR = YES;
				GCC_WARN_UNINITIALIZED_AUTOS = YES_AGGRESSIVE;
				GCC_WARN_UNUSED_FUNCTION = YES;
				GCC_WARN_UNUSED_VARIABLE = YES;
				IPHONEOS_DEPLOYMENT_TARGET = 15.0;
				MTL_ENABLE_DEBUG_INFO = NO;
				MTL_FAST_MATH = YES;
				SDKROOT = iphoneos;
				SWIFT_COMPILATION_MODE = wholemodule;
				SWIFT_OPTIMIZATION_LEVEL = "-O";
				VALIDATE_PRODUCT = YES;
			};
			name = Release;
		};
		597235892763698300619C49 /* Debug */ = {
			isa = XCBuildConfiguration;
			buildSettings = {
				ASSETCATALOG_COMPILER_APPICON_NAME = AppIcon;
				ASSETCATALOG_COMPILER_GLOBAL_ACCENT_COLOR_NAME = AccentColor;
				CODE_SIGN_IDENTITY = "Apple Development";
				CODE_SIGN_STYLE = Automatic;
				CURRENT_PROJECT_VERSION = 1;
				DEVELOPMENT_ASSET_PATHS = "\"BobbyClone/Preview Content\"";
				DEVELOPMENT_TEAM = ZVJ2V7TWSC;
				ENABLE_PREVIEWS = YES;
				GENERATE_INFOPLIST_FILE = YES;
				INFOPLIST_KEY_UIApplicationSceneManifest_Generation = YES;
				INFOPLIST_KEY_UIApplicationSupportsIndirectInputEvents = YES;
				INFOPLIST_KEY_UILaunchScreen_Generation = YES;
				INFOPLIST_KEY_UISupportedInterfaceOrientations_iPad = "UIInterfaceOrientationPortrait UIInterfaceOrientationPortraitUpsideDown UIInterfaceOrientationLandscapeLeft UIInterfaceOrientationLandscapeRight";
				INFOPLIST_KEY_UISupportedInterfaceOrientations_iPhone = "UIInterfaceOrientationPortrait UIInterfaceOrientationLandscapeLeft UIInterfaceOrientationLandscapeRight";
				LD_RUNPATH_SEARCH_PATHS = (
					"$(inherited)",
					"@executable_path/Frameworks",
				);
				MARKETING_VERSION = 1.0;
				PRODUCT_BUNDLE_IDENTIFIER = com.antoine.BobbyClone;
				PRODUCT_NAME = "$(TARGET_NAME)";
				PROVISIONING_PROFILE_SPECIFIER = "";
				SWIFT_EMIT_LOC_STRINGS = YES;
				SWIFT_VERSION = 5.0;
				TARGETED_DEVICE_FAMILY = "1,2";
			};
			name = Debug;
		};
		5972358A2763698300619C49 /* Release */ = {
			isa = XCBuildConfiguration;
			buildSettings = {
				ASSETCATALOG_COMPILER_APPICON_NAME = AppIcon;
				ASSETCATALOG_COMPILER_GLOBAL_ACCENT_COLOR_NAME = AccentColor;
				CODE_SIGN_IDENTITY = "Apple Development";
				CODE_SIGN_STYLE = Automatic;
				CURRENT_PROJECT_VERSION = 1;
				DEVELOPMENT_ASSET_PATHS = "\"BobbyClone/Preview Content\"";
				DEVELOPMENT_TEAM = ZVJ2V7TWSC;
				ENABLE_PREVIEWS = YES;
				GENERATE_INFOPLIST_FILE = YES;
				INFOPLIST_KEY_UIApplicationSceneManifest_Generation = YES;
				INFOPLIST_KEY_UIApplicationSupportsIndirectInputEvents = YES;
				INFOPLIST_KEY_UILaunchScreen_Generation = YES;
				INFOPLIST_KEY_UISupportedInterfaceOrientations_iPad = "UIInterfaceOrientationPortrait UIInterfaceOrientationPortraitUpsideDown UIInterfaceOrientationLandscapeLeft UIInterfaceOrientationLandscapeRight";
				INFOPLIST_KEY_UISupportedInterfaceOrientations_iPhone = "UIInterfaceOrientationPortrait UIInterfaceOrientationLandscapeLeft UIInterfaceOrientationLandscapeRight";
				LD_RUNPATH_SEARCH_PATHS = (
					"$(inherited)",
					"@executable_path/Frameworks",
				);
				MARKETING_VERSION = 1.0;
				PRODUCT_BUNDLE_IDENTIFIER = com.antoine.BobbyClone;
				PRODUCT_NAME = "$(TARGET_NAME)";
				PROVISIONING_PROFILE_SPECIFIER = "";
				SWIFT_EMIT_LOC_STRINGS = YES;
				SWIFT_VERSION = 5.0;
				TARGETED_DEVICE_FAMILY = "1,2";
			};
			name = Release;
		};
/* End XCBuildConfiguration section */

/* Begin XCConfigurationList section */
		597235752763698300619C49 /* Build configuration list for PBXProject "BobbyClone" */ = {
			isa = XCConfigurationList;
			buildConfigurations = (
				597235862763698300619C49 /* Debug */,
				597235872763698300619C49 /* Release */,
			);
			defaultConfigurationIsVisible = 0;
			defaultConfigurationName = Release;
		};
		597235882763698300619C49 /* Build configuration list for PBXNativeTarget "BobbyClone" */ = {
			isa = XCConfigurationList;
			buildConfigurations = (
				597235892763698300619C49 /* Debug */,
				5972358A2763698300619C49 /* Release */,
			);
			defaultConfigurationIsVisible = 0;
			defaultConfigurationName = Release;
		};
/* End XCConfigurationList section */
	};
	rootObject = 597235722763698300619C49 /* Project object */;
}
